<?xml version="1.0" encoding="utf-8"?>
<Project ToolsVersion="4.0" xmlns="http://schemas.microsoft.com/developer/msbuild/2003">
  <ItemGroup>
    <ClCompile Include="Source\surface.cpp">
      <Filter>template code</Filter>
    </ClCompile>
    <ClCompile Include="Source\template.cpp">
      <Filter>template code</Filter>
    </ClCompile>
    <ClCompile Include="Source\precomp.cpp">
      <Filter>template code</Filter>
    </ClCompile>
    <ClCompile Include="Source\Utilities.cpp">
      <Filter>Utilities</Filter>
    </ClCompile>
    <ClCompile Include="Source\Ray.cpp" />
    <ClCompile Include="Source\PrimitiveList.cpp">
      <Filter>Primitives</Filter>
    </ClCompile>
    <ClCompile Include="Source\AreaLight.cpp">
      <Filter>Primitives</Filter>
    </ClCompile>
    <ClCompile Include="Source\Ellipsoid.cpp">
      <Filter>Primitives</Filter>
    </ClCompile>
    <ClCompile Include="Source\PointLight.cpp">
      <Filter>Primitives</Filter>
    </ClCompile>
    <ClCompile Include="Source\Sphere.cpp">
      <Filter>Primitives</Filter>
    </ClCompile>
    <ClCompile Include="Source\SolidColor.cpp">
      <Filter>Textures</Filter>
    </ClCompile>
    <ClCompile Include="Source\SpriteTexture.cpp">
      <Filter>Textures</Filter>
    </ClCompile>
    <ClCompile Include="Source\CircleTexture.cpp">
      <Filter>Textures</Filter>
    </ClCompile>
    <ClCompile Include="Source\CheckerTexture.cpp">
      <Filter>Textures</Filter>
    </ClCompile>
    <ClCompile Include="Source\BVH.cpp">
      <Filter>Primitives</Filter>
    </ClCompile>
    <ClCompile Include="Source\Primitive.cpp">
      <Filter>Primitives</Filter>
    </ClCompile>
    <ClCompile Include="Source\Light.cpp">
      <Filter>Primitives</Filter>
    </ClCompile>
    <ClCompile Include="Source\Texture.cpp">
      <Filter>Textures</Filter>
    </ClCompile>
    <ClCompile Include="Source\Material.cpp" />
    <ClCompile Include="Source\SkydomeManager.cpp">
      <Filter>Manager</Filter>
    </ClCompile>
    <ClCompile Include="Source\SceneLoader.cpp">
      <Filter>Manager</Filter>
    </ClCompile>
    <ClCompile Include="Source\Renderer.cpp">
      <Filter>Rendering</Filter>
    </ClCompile>
    <ClCompile Include="Source\Color.cpp">
      <Filter>Rendering</Filter>
    </ClCompile>
    <ClCompile Include="Source\AABB.cpp">
      <Filter>Primitives</Filter>
    </ClCompile>
    <ClCompile Include="Source\Camera.cpp">
      <Filter>Rendering</Filter>
    </ClCompile>
    <ClCompile Include="Source\game.cpp" />
  </ItemGroup>
  <ItemGroup>
    <ClInclude Include="Source\surface.h">
      <Filter>template code</Filter>
    </ClInclude>
    <ClInclude Include="Source\template.h">
      <Filter>template code</Filter>
    </ClInclude>
    <ClInclude Include="Source\Primitive.h">
      <Filter>Primitives</Filter>
    </ClInclude>
    <ClInclude Include="Source\PrimitiveList.h">
      <Filter>Primitives</Filter>
    </ClInclude>
    <ClInclude Include="Source\Sphere.h">
      <Filter>Primitives</Filter>
    </ClInclude>
    <ClInclude Include="Source\Ellipsoid.h">
      <Filter>Primitives</Filter>
    </ClInclude>
    <ClInclude Include="Source\precomp.h">
      <Filter>template code</Filter>
    </ClInclude>
    <ClInclude Include="Source\Texture.h">
      <Filter>Textures</Filter>
    </ClInclude>
    <ClInclude Include="Source\Utilities.h">
      <Filter>Utilities</Filter>
    </ClInclude>
    <ClInclude Include="Source\Ray.h" />
    <ClInclude Include="Source\PointLight.h">
      <Filter>Primitives</Filter>
    </ClInclude>
    <ClInclude Include="Source\AreaLight.h">
      <Filter>Primitives</Filter>
    </ClInclude>
    <ClInclude Include="Source\Light.h">
      <Filter>Primitives</Filter>
    </ClInclude>
    <ClInclude Include="Source\SolidColor.h">
      <Filter>Textures</Filter>
    </ClInclude>
    <ClInclude Include="Source\SpriteTexture.h">
      <Filter>Textures</Filter>
    </ClInclude>
    <ClInclude Include="Source\CircleTexture.h">
      <Filter>Textures</Filter>
    </ClInclude>
    <ClInclude Include="Source\CheckerTexture.h">
      <Filter>Textures</Filter>
    </ClInclude>
    <ClInclude Include="Source\AllTextures.h">
      <Filter>Textures</Filter>
    </ClInclude>
    <ClInclude Include="Source\BVH.h">
      <Filter>Primitives</Filter>
    </ClInclude>
    <ClInclude Include="Source\Material.h" />
    <ClInclude Include="Source\SkydomeManager.h">
      <Filter>Manager</Filter>
    </ClInclude>
    <ClInclude Include="Source\SceneLoader.h">
      <Filter>Manager</Filter>
    </ClInclude>
    <ClInclude Include="Source\Renderer.h">
      <Filter>Rendering</Filter>
    </ClInclude>
    <ClInclude Include="Source\Color.h">
      <Filter>Rendering</Filter>
    </ClInclude>
    <ClInclude Include="Source\AABB.h">
      <Filter>Primitives</Filter>
    </ClInclude>
    <ClInclude Include="Source\Camera.h">
      <Filter>Rendering</Filter>
    </ClInclude>
    <ClInclude Include="Source\game.h" />
  </ItemGroup>
  <ItemGroup>
    <Filter Include="template code">
      <UniqueIdentifier>{bf32dd6e-4be7-4889-8ac6-49e7ee163c40}</UniqueIdentifier>
    </Filter>
    <Filter Include="Textures">
      <UniqueIdentifier>{a1fcd1db-5cf7-4587-89fa-89b224cfa5b4}</UniqueIdentifier>
    </Filter>
    <Filter Include="Primitives">
      <UniqueIdentifier>{1280ff81-ae5b-4c73-8e52-f91cce9a2520}</UniqueIdentifier>
    </Filter>
    <Filter Include="Utilities">
      <UniqueIdentifier>{4cc9ad3a-d4b4-4301-be3b-4e6cae497535}</UniqueIdentifier>
    </Filter>
    <Filter Include="Manager">
      <UniqueIdentifier>{06661ab3-d8e8-48ac-a793-7bcbad598460}</UniqueIdentifier>
    </Filter>
    <Filter Include="Rendering">
      <UniqueIdentifier>{c0f85ee5-babd-4f9c-b75d-d7329a7e600b}</UniqueIdentifier>
    </Filter>
  </ItemGroup>
  <ItemGroup>
    <Text Include="_readme.txt">
      <Filter>template code</Filter>
    </Text>
  </ItemGroup>
</Project>